// !$*UTF8*$!
{
	archiveVersion = 1;
	classes = {
	};
	objectVersion = 48;
	objects = {

/* Begin PBXBuildFile section */
		04027D291FAD6918000F410B /* TransparentView.swift in Sources */ = {isa = PBXBuildFile; fileRef = 04027D281FAD6918000F410B /* TransparentView.swift */; };
		04027D2B1FAD6BFF000F410B /* HeadlineLabel.swift in Sources */ = {isa = PBXBuildFile; fileRef = 04027D2A1FAD6BFF000F410B /* HeadlineLabel.swift */; };
		04027D2D1FAD8528000F410B /* CGFloatExtension.swift in Sources */ = {isa = PBXBuildFile; fileRef = 04027D2C1FAD8528000F410B /* CGFloatExtension.swift */; };
		04027D301FADA3EC000F410B /* PVCAnimations.swift in Sources */ = {isa = PBXBuildFile; fileRef = 04027D2F1FADA3EC000F410B /* PVCAnimations.swift */; };
		04027D321FADA43C000F410B /* PVCAnimation.swift in Sources */ = {isa = PBXBuildFile; fileRef = 04027D311FADA43C000F410B /* PVCAnimation.swift */; };
		04027D341FADC3A5000F410B /* DefaultButton.swift in Sources */ = {isa = PBXBuildFile; fileRef = 04027D331FADC3A5000F410B /* DefaultButton.swift */; };
		04027D361FADC4FD000F410B /* PVCAnimationStyle.swift in Sources */ = {isa = PBXBuildFile; fileRef = 04027D351FADC4FD000F410B /* PVCAnimationStyle.swift */; };
		04027D3A1FB04324000F410B /* PVCBackgroundAnimations.swift in Sources */ = {isa = PBXBuildFile; fileRef = 04027D391FB04324000F410B /* PVCBackgroundAnimations.swift */; };
		04027D3C1FB0443D000F410B /* PVCBackgroundAnimation.swift in Sources */ = {isa = PBXBuildFile; fileRef = 04027D3B1FB0443D000F410B /* PVCBackgroundAnimation.swift */; };
		04027D3E1FB06877000F410B /* Fourth.storyboard in Resources */ = {isa = PBXBuildFile; fileRef = 04027D3D1FB06877000F410B /* Fourth.storyboard */; };
		045243D0200EE8F800F7C788 /* PVCAnimationPageViewController.swift in Sources */ = {isa = PBXBuildFile; fileRef = 045243CF200EE8F800F7C788 /* PVCAnimationPageViewController.swift */; };
		045243D3200EEA3F00F7C788 /* ViewControllers.swift in Sources */ = {isa = PBXBuildFile; fileRef = 045243D2200EEA3F00F7C788 /* ViewControllers.swift */; };
		0456478C200EF55000961C99 /* SubstringExtension.swift in Sources */ = {isa = PBXBuildFile; fileRef = 0456478B200EF55000961C99 /* SubstringExtension.swift */; };
		046D77001FA36BA10094A835 /* AppDelegate.swift in Sources */ = {isa = PBXBuildFile; fileRef = 046D76FF1FA36BA10094A835 /* AppDelegate.swift */; };
		046D77021FA36BA10094A835 /* ViewController.swift in Sources */ = {isa = PBXBuildFile; fileRef = 046D77011FA36BA10094A835 /* ViewController.swift */; };
		046D77051FA36BA10094A835 /* Main.storyboard in Resources */ = {isa = PBXBuildFile; fileRef = 046D77031FA36BA10094A835 /* Main.storyboard */; };
		046D77071FA36BA10094A835 /* Assets.xcassets in Resources */ = {isa = PBXBuildFile; fileRef = 046D77061FA36BA10094A835 /* Assets.xcassets */; };
		046D770A1FA36BA10094A835 /* LaunchScreen.storyboard in Resources */ = {isa = PBXBuildFile; fileRef = 046D77081FA36BA10094A835 /* LaunchScreen.storyboard */; };
		046D77151FA36BA10094A835 /* SnapChatMenuTests.swift in Sources */ = {isa = PBXBuildFile; fileRef = 046D77141FA36BA10094A835 /* SnapChatMenuTests.swift */; };
		046D77201FA36BA10094A835 /* SnapChatMenuUITests.swift in Sources */ = {isa = PBXBuildFile; fileRef = 046D771F1FA36BA10094A835 /* SnapChatMenuUITests.swift */; };
		046D772F1FA4E33F0094A835 /* PageViewController.swift in Sources */ = {isa = PBXBuildFile; fileRef = 046D772E1FA4E33E0094A835 /* PageViewController.swift */; };
		046D77321FA4E4510094A835 /* First.storyboard in Resources */ = {isa = PBXBuildFile; fileRef = 046D77311FA4E4510094A835 /* First.storyboard */; };
		046D77341FA4E4620094A835 /* Second.storyboard in Resources */ = {isa = PBXBuildFile; fileRef = 046D77331FA4E4620094A835 /* Second.storyboard */; };
		046D77361FA4E4730094A835 /* Third.storyboard in Resources */ = {isa = PBXBuildFile; fileRef = 046D77351FA4E4730094A835 /* Third.storyboard */; };
		046D77381FA4E4AD0094A835 /* FirstViewController.swift in Sources */ = {isa = PBXBuildFile; fileRef = 046D77371FA4E4AD0094A835 /* FirstViewController.swift */; };
		046D773A1FA4E4B90094A835 /* SecondViewController.swift in Sources */ = {isa = PBXBuildFile; fileRef = 046D77391FA4E4B90094A835 /* SecondViewController.swift */; };
		046D773C1FA4E4C30094A835 /* ThirdViewController.swift in Sources */ = {isa = PBXBuildFile; fileRef = 046D773B1FA4E4C30094A835 /* ThirdViewController.swift */; };
		046D77401FA4E6660094A835 /* UIColorExtension.swift in Sources */ = {isa = PBXBuildFile; fileRef = 046D773F1FA4E6660094A835 /* UIColorExtension.swift */; };
		049C89931FECC8CF007A967B /* UIImageExtension.swift in Sources */ = {isa = PBXBuildFile; fileRef = 049C89921FECC8CF007A967B /* UIImageExtension.swift */; };
		04A854481FB06CDB0042C383 /* FourthViewController.swift in Sources */ = {isa = PBXBuildFile; fileRef = 04A854471FB06CDB0042C383 /* FourthViewController.swift */; };
		04CF21941FECAB5000BB8A8D /* TransparentButton.swift in Sources */ = {isa = PBXBuildFile; fileRef = 04CF21931FECAB5000BB8A8D /* TransparentButton.swift */; };
		255EA4F0D2061650E66B201C /* Pods_SnapChatMenuTests.framework in Frameworks */ = {isa = PBXBuildFile; fileRef = 1B72A1F6A4DBB613F2C40B5A /* Pods_SnapChatMenuTests.framework */; };
		EC14098CB8511E062D387027 /* Pods_SnapChatMenu.framework in Frameworks */ = {isa = PBXBuildFile; fileRef = EF39F29900B68BD9CB1B3B86 /* Pods_SnapChatMenu.framework */; };
		FF1BD23A54BE47DA4CF2295D /* Pods_SnapChatMenuUITests.framework in Frameworks */ = {isa = PBXBuildFile; fileRef = 9ED4C51073EAF72865F6641C /* Pods_SnapChatMenuUITests.framework */; };
/* End PBXBuildFile section */

/* Begin PBXContainerItemProxy section */
		046D77111FA36BA10094A835 /* PBXContainerItemProxy */ = {
			isa = PBXContainerItemProxy;
			containerPortal = 046D76F41FA36BA10094A835 /* Project object */;
			proxyType = 1;
			remoteGlobalIDString = 046D76FB1FA36BA10094A835;
			remoteInfo = SnapChatMenu;
		};
		046D771C1FA36BA10094A835 /* PBXContainerItemProxy */ = {
			isa = PBXContainerItemProxy;
			containerPortal = 046D76F41FA36BA10094A835 /* Project object */;
			proxyType = 1;
			remoteGlobalIDString = 046D76FB1FA36BA10094A835;
			remoteInfo = SnapChatMenu;
		};
/* End PBXContainerItemProxy section */

/* Begin PBXFileReference section */
		04027D281FAD6918000F410B /* TransparentView.swift */ = {isa = PBXFileReference; lastKnownFileType = sourcecode.swift; path = TransparentView.swift; sourceTree = "<group>"; };
		04027D2A1FAD6BFF000F410B /* HeadlineLabel.swift */ = {isa = PBXFileReference; lastKnownFileType = sourcecode.swift; path = HeadlineLabel.swift; sourceTree = "<group>"; };
		04027D2C1FAD8528000F410B /* CGFloatExtension.swift */ = {isa = PBXFileReference; lastKnownFileType = sourcecode.swift; path = CGFloatExtension.swift; sourceTree = "<group>"; };
		04027D2F1FADA3EC000F410B /* PVCAnimations.swift */ = {isa = PBXFileReference; lastKnownFileType = sourcecode.swift; path = PVCAnimations.swift; sourceTree = "<group>"; };
		04027D311FADA43C000F410B /* PVCAnimation.swift */ = {isa = PBXFileReference; lastKnownFileType = sourcecode.swift; path = PVCAnimation.swift; sourceTree = "<group>"; };
		04027D331FADC3A5000F410B /* DefaultButton.swift */ = {isa = PBXFileReference; lastKnownFileType = sourcecode.swift; path = DefaultButton.swift; sourceTree = "<group>"; };
		04027D351FADC4FD000F410B /* PVCAnimationStyle.swift */ = {isa = PBXFileReference; lastKnownFileType = sourcecode.swift; path = PVCAnimationStyle.swift; sourceTree = "<group>"; };
		04027D391FB04324000F410B /* PVCBackgroundAnimations.swift */ = {isa = PBXFileReference; lastKnownFileType = sourcecode.swift; path = PVCBackgroundAnimations.swift; sourceTree = "<group>"; };
		04027D3B1FB0443D000F410B /* PVCBackgroundAnimation.swift */ = {isa = PBXFileReference; lastKnownFileType = sourcecode.swift; path = PVCBackgroundAnimation.swift; sourceTree = "<group>"; };
		04027D3D1FB06877000F410B /* Fourth.storyboard */ = {isa = PBXFileReference; lastKnownFileType = file.storyboard; path = Fourth.storyboard; sourceTree = "<group>"; };
		045243CF200EE8F800F7C788 /* PVCAnimationPageViewController.swift */ = {isa = PBXFileReference; lastKnownFileType = sourcecode.swift; path = PVCAnimationPageViewController.swift; sourceTree = "<group>"; };
		045243D2200EEA3F00F7C788 /* ViewControllers.swift */ = {isa = PBXFileReference; lastKnownFileType = sourcecode.swift; path = ViewControllers.swift; sourceTree = "<group>"; };
		0456478B200EF55000961C99 /* SubstringExtension.swift */ = {isa = PBXFileReference; lastKnownFileType = sourcecode.swift; path = SubstringExtension.swift; sourceTree = "<group>"; };
		046D76FC1FA36BA10094A835 /* SnapChatMenu.app */ = {isa = PBXFileReference; explicitFileType = wrapper.application; includeInIndex = 0; path = SnapChatMenu.app; sourceTree = BUILT_PRODUCTS_DIR; };
		046D76FF1FA36BA10094A835 /* AppDelegate.swift */ = {isa = PBXFileReference; lastKnownFileType = sourcecode.swift; path = AppDelegate.swift; sourceTree = "<group>"; };
		046D77011FA36BA10094A835 /* ViewController.swift */ = {isa = PBXFileReference; lastKnownFileType = sourcecode.swift; path = ViewController.swift; sourceTree = "<group>"; };
		046D77041FA36BA10094A835 /* Base */ = {isa = PBXFileReference; lastKnownFileType = file.storyboard; name = Base; path = Base.lproj/Main.storyboard; sourceTree = "<group>"; };
		046D77061FA36BA10094A835 /* Assets.xcassets */ = {isa = PBXFileReference; lastKnownFileType = folder.assetcatalog; path = Assets.xcassets; sourceTree = "<group>"; };
		046D77091FA36BA10094A835 /* Base */ = {isa = PBXFileReference; lastKnownFileType = file.storyboard; name = Base; path = Base.lproj/LaunchScreen.storyboard; sourceTree = "<group>"; };
		046D770B1FA36BA10094A835 /* Info.plist */ = {isa = PBXFileReference; lastKnownFileType = text.plist.xml; path = Info.plist; sourceTree = "<group>"; };
		046D77101FA36BA10094A835 /* SnapChatMenuTests.xctest */ = {isa = PBXFileReference; explicitFileType = wrapper.cfbundle; includeInIndex = 0; path = SnapChatMenuTests.xctest; sourceTree = BUILT_PRODUCTS_DIR; };
		046D77141FA36BA10094A835 /* SnapChatMenuTests.swift */ = {isa = PBXFileReference; lastKnownFileType = sourcecode.swift; path = SnapChatMenuTests.swift; sourceTree = "<group>"; };
		046D77161FA36BA10094A835 /* Info.plist */ = {isa = PBXFileReference; lastKnownFileType = text.plist.xml; path = Info.plist; sourceTree = "<group>"; };
		046D771B1FA36BA10094A835 /* SnapChatMenuUITests.xctest */ = {isa = PBXFileReference; explicitFileType = wrapper.cfbundle; includeInIndex = 0; path = SnapChatMenuUITests.xctest; sourceTree = BUILT_PRODUCTS_DIR; };
		046D771F1FA36BA10094A835 /* SnapChatMenuUITests.swift */ = {isa = PBXFileReference; lastKnownFileType = sourcecode.swift; path = SnapChatMenuUITests.swift; sourceTree = "<group>"; };
		046D77211FA36BA10094A835 /* Info.plist */ = {isa = PBXFileReference; lastKnownFileType = text.plist.xml; path = Info.plist; sourceTree = "<group>"; };
		046D772E1FA4E33E0094A835 /* PageViewController.swift */ = {isa = PBXFileReference; lastKnownFileType = sourcecode.swift; path = PageViewController.swift; sourceTree = "<group>"; };
		046D77311FA4E4510094A835 /* First.storyboard */ = {isa = PBXFileReference; lastKnownFileType = file.storyboard; path = First.storyboard; sourceTree = "<group>"; };
		046D77331FA4E4620094A835 /* Second.storyboard */ = {isa = PBXFileReference; lastKnownFileType = file.storyboard; path = Second.storyboard; sourceTree = "<group>"; };
		046D77351FA4E4730094A835 /* Third.storyboard */ = {isa = PBXFileReference; lastKnownFileType = file.storyboard; path = Third.storyboard; sourceTree = "<group>"; };
		046D77371FA4E4AD0094A835 /* FirstViewController.swift */ = {isa = PBXFileReference; lastKnownFileType = sourcecode.swift; path = FirstViewController.swift; sourceTree = "<group>"; };
		046D77391FA4E4B90094A835 /* SecondViewController.swift */ = {isa = PBXFileReference; lastKnownFileType = sourcecode.swift; path = SecondViewController.swift; sourceTree = "<group>"; };
		046D773B1FA4E4C30094A835 /* ThirdViewController.swift */ = {isa = PBXFileReference; lastKnownFileType = sourcecode.swift; path = ThirdViewController.swift; sourceTree = "<group>"; };
		046D773F1FA4E6660094A835 /* UIColorExtension.swift */ = {isa = PBXFileReference; lastKnownFileType = sourcecode.swift; path = UIColorExtension.swift; sourceTree = "<group>"; };
		049C89921FECC8CF007A967B /* UIImageExtension.swift */ = {isa = PBXFileReference; lastKnownFileType = sourcecode.swift; path = UIImageExtension.swift; sourceTree = "<group>"; };
		04A854471FB06CDB0042C383 /* FourthViewController.swift */ = {isa = PBXFileReference; lastKnownFileType = sourcecode.swift; path = FourthViewController.swift; sourceTree = "<group>"; };
		04CF21931FECAB5000BB8A8D /* TransparentButton.swift */ = {isa = PBXFileReference; lastKnownFileType = sourcecode.swift; path = TransparentButton.swift; sourceTree = "<group>"; };
		1B72A1F6A4DBB613F2C40B5A /* Pods_SnapChatMenuTests.framework */ = {isa = PBXFileReference; explicitFileType = wrapper.framework; includeInIndex = 0; path = Pods_SnapChatMenuTests.framework; sourceTree = BUILT_PRODUCTS_DIR; };
		1F06976CE9A7AC6BB3AEB527 /* Pods-SnapChatMenuUITests.debug.xcconfig */ = {isa = PBXFileReference; includeInIndex = 1; lastKnownFileType = text.xcconfig; name = "Pods-SnapChatMenuUITests.debug.xcconfig"; path = "Pods/Target Support Files/Pods-SnapChatMenuUITests/Pods-SnapChatMenuUITests.debug.xcconfig"; sourceTree = "<group>"; };
		26E20DFCD1C8FE512047DC8C /* Pods-SnapChatMenuTests.release.xcconfig */ = {isa = PBXFileReference; includeInIndex = 1; lastKnownFileType = text.xcconfig; name = "Pods-SnapChatMenuTests.release.xcconfig"; path = "Pods/Target Support Files/Pods-SnapChatMenuTests/Pods-SnapChatMenuTests.release.xcconfig"; sourceTree = "<group>"; };
		395C70E7C6134667047A3FA9 /* Pods-SnapChatMenuUITests.release.xcconfig */ = {isa = PBXFileReference; includeInIndex = 1; lastKnownFileType = text.xcconfig; name = "Pods-SnapChatMenuUITests.release.xcconfig"; path = "Pods/Target Support Files/Pods-SnapChatMenuUITests/Pods-SnapChatMenuUITests.release.xcconfig"; sourceTree = "<group>"; };
		543265F85118F186C596E83B /* Pods-SnapChatMenu.debug.xcconfig */ = {isa = PBXFileReference; includeInIndex = 1; lastKnownFileType = text.xcconfig; name = "Pods-SnapChatMenu.debug.xcconfig"; path = "Pods/Target Support Files/Pods-SnapChatMenu/Pods-SnapChatMenu.debug.xcconfig"; sourceTree = "<group>"; };
		9ED4C51073EAF72865F6641C /* Pods_SnapChatMenuUITests.framework */ = {isa = PBXFileReference; explicitFileType = wrapper.framework; includeInIndex = 0; path = Pods_SnapChatMenuUITests.framework; sourceTree = BUILT_PRODUCTS_DIR; };
		B7E236DFD052274EA02B8351 /* Pods-SnapChatMenuTests.debug.xcconfig */ = {isa = PBXFileReference; includeInIndex = 1; lastKnownFileType = text.xcconfig; name = "Pods-SnapChatMenuTests.debug.xcconfig"; path = "Pods/Target Support Files/Pods-SnapChatMenuTests/Pods-SnapChatMenuTests.debug.xcconfig"; sourceTree = "<group>"; };
		BA7FEB74CB676DCABEB72CF3 /* Pods-SnapChatMenu.release.xcconfig */ = {isa = PBXFileReference; includeInIndex = 1; lastKnownFileType = text.xcconfig; name = "Pods-SnapChatMenu.release.xcconfig"; path = "Pods/Target Support Files/Pods-SnapChatMenu/Pods-SnapChatMenu.release.xcconfig"; sourceTree = "<group>"; };
		EF39F29900B68BD9CB1B3B86 /* Pods_SnapChatMenu.framework */ = {isa = PBXFileReference; explicitFileType = wrapper.framework; includeInIndex = 0; path = Pods_SnapChatMenu.framework; sourceTree = BUILT_PRODUCTS_DIR; };
/* End PBXFileReference section */

/* Begin PBXFrameworksBuildPhase section */
		046D76F91FA36BA10094A835 /* Frameworks */ = {
			isa = PBXFrameworksBuildPhase;
			buildActionMask = 2147483647;
			files = (
				EC14098CB8511E062D387027 /* Pods_SnapChatMenu.framework in Frameworks */,
			);
			runOnlyForDeploymentPostprocessing = 0;
		};
		046D770D1FA36BA10094A835 /* Frameworks */ = {
			isa = PBXFrameworksBuildPhase;
			buildActionMask = 2147483647;
			files = (
				255EA4F0D2061650E66B201C /* Pods_SnapChatMenuTests.framework in Frameworks */,
			);
			runOnlyForDeploymentPostprocessing = 0;
		};
		046D77181FA36BA10094A835 /* Frameworks */ = {
			isa = PBXFrameworksBuildPhase;
			buildActionMask = 2147483647;
			files = (
				FF1BD23A54BE47DA4CF2295D /* Pods_SnapChatMenuUITests.framework in Frameworks */,
			);
			runOnlyForDeploymentPostprocessing = 0;
		};
/* End PBXFrameworksBuildPhase section */

/* Begin PBXGroup section */
		04027D251FAD678F000F410B /* ViewModels */ = {
			isa = PBXGroup;
			children = (
				04027D331FADC3A5000F410B /* DefaultButton.swift */,
				04027D2A1FAD6BFF000F410B /* HeadlineLabel.swift */,
				04027D311FADA43C000F410B /* PVCAnimation.swift */,
				04027D351FADC4FD000F410B /* PVCAnimationStyle.swift */,
				04027D2F1FADA3EC000F410B /* PVCAnimations.swift */,
				04027D3B1FB0443D000F410B /* PVCBackgroundAnimation.swift */,
				04027D391FB04324000F410B /* PVCBackgroundAnimations.swift */,
				04CF21931FECAB5000BB8A8D /* TransparentButton.swift */,
				04027D281FAD6918000F410B /* TransparentView.swift */,
			);
			path = ViewModels;
			sourceTree = "<group>";
		};
		045243D1200EEA2E00F7C788 /* Models */ = {
			isa = PBXGroup;
			children = (
				045243D2200EEA3F00F7C788 /* ViewControllers.swift */,
			);
			path = Models;
			sourceTree = "<group>";
		};
		046D76F31FA36BA10094A835 = {
			isa = PBXGroup;
			children = (
				8810AFEF9D0FF735E5E6DC84 /* Frameworks */,
				80C2AE3D1D223D28B4CCBB84 /* Pods */,
				046D76FD1FA36BA10094A835 /* Products */,
				046D76FE1FA36BA10094A835 /* SnapChatMenu */,
				046D77131FA36BA10094A835 /* SnapChatMenuTests */,
				046D771E1FA36BA10094A835 /* SnapChatMenuUITests */,
			);
			sourceTree = "<group>";
		};
		046D76FD1FA36BA10094A835 /* Products */ = {
			isa = PBXGroup;
			children = (
				046D76FC1FA36BA10094A835 /* SnapChatMenu.app */,
				046D77101FA36BA10094A835 /* SnapChatMenuTests.xctest */,
				046D771B1FA36BA10094A835 /* SnapChatMenuUITests.xctest */,
			);
			name = Products;
			sourceTree = "<group>";
		};
		046D76FE1FA36BA10094A835 /* SnapChatMenu */ = {
			isa = PBXGroup;
			children = (
				046D773E1FA4E6060094A835 /* Classes */,
				046D773D1FA4E5D60094A835 /* Extensions */,
				046D76FF1FA36BA10094A835 /* AppDelegate.swift */,
				046D77061FA36BA10094A835 /* Assets.xcassets */,
				046D770B1FA36BA10094A835 /* Info.plist */,
				046D77081FA36BA10094A835 /* LaunchScreen.storyboard */,
			);
			path = SnapChatMenu;
			sourceTree = "<group>";
		};
		046D77131FA36BA10094A835 /* SnapChatMenuTests */ = {
			isa = PBXGroup;
			children = (
				046D77161FA36BA10094A835 /* Info.plist */,
				046D77141FA36BA10094A835 /* SnapChatMenuTests.swift */,
			);
			path = SnapChatMenuTests;
			sourceTree = "<group>";
		};
		046D771E1FA36BA10094A835 /* SnapChatMenuUITests */ = {
			isa = PBXGroup;
			children = (
				046D77211FA36BA10094A835 /* Info.plist */,
				046D771F1FA36BA10094A835 /* SnapChatMenuUITests.swift */,
			);
			path = SnapChatMenuUITests;
			sourceTree = "<group>";
		};
		046D772D1FA4E3140094A835 /* Controllers */ = {
			isa = PBXGroup;
			children = (
				046D77371FA4E4AD0094A835 /* FirstViewController.swift */,
				04A854471FB06CDB0042C383 /* FourthViewController.swift */,
				045243CF200EE8F800F7C788 /* PVCAnimationPageViewController.swift */,
				046D772E1FA4E33E0094A835 /* PageViewController.swift */,
				046D77391FA4E4B90094A835 /* SecondViewController.swift */,
				046D773B1FA4E4C30094A835 /* ThirdViewController.swift */,
				046D77011FA36BA10094A835 /* ViewController.swift */,
			);
			path = Controllers;
			sourceTree = "<group>";
		};
		046D77301FA4E3520094A835 /* Views */ = {
			isa = PBXGroup;
			children = (
				046D77311FA4E4510094A835 /* First.storyboard */,
				04027D3D1FB06877000F410B /* Fourth.storyboard */,
				046D77031FA36BA10094A835 /* Main.storyboard */,
				046D77331FA4E4620094A835 /* Second.storyboard */,
				046D77351FA4E4730094A835 /* Third.storyboard */,
			);
			path = Views;
			sourceTree = "<group>";
		};
		046D773D1FA4E5D60094A835 /* Extensions */ = {
			isa = PBXGroup;
			children = (
				04027D2C1FAD8528000F410B /* CGFloatExtension.swift */,
				0456478B200EF55000961C99 /* SubstringExtension.swift */,
				046D773F1FA4E6660094A835 /* UIColorExtension.swift */,
				049C89921FECC8CF007A967B /* UIImageExtension.swift */,
			);
			path = Extensions;
			sourceTree = "<group>";
		};
		046D773E1FA4E6060094A835 /* Classes */ = {
			isa = PBXGroup;
			children = (
				046D772D1FA4E3140094A835 /* Controllers */,
				045243D1200EEA2E00F7C788 /* Models */,
				04027D251FAD678F000F410B /* ViewModels */,
				046D77301FA4E3520094A835 /* Views */,
			);
			path = Classes;
			sourceTree = "<group>";
		};
		80C2AE3D1D223D28B4CCBB84 /* Pods */ = {
			isa = PBXGroup;
			children = (
				543265F85118F186C596E83B /* Pods-SnapChatMenu.debug.xcconfig */,
				BA7FEB74CB676DCABEB72CF3 /* Pods-SnapChatMenu.release.xcconfig */,
				B7E236DFD052274EA02B8351 /* Pods-SnapChatMenuTests.debug.xcconfig */,
				26E20DFCD1C8FE512047DC8C /* Pods-SnapChatMenuTests.release.xcconfig */,
				1F06976CE9A7AC6BB3AEB527 /* Pods-SnapChatMenuUITests.debug.xcconfig */,
				395C70E7C6134667047A3FA9 /* Pods-SnapChatMenuUITests.release.xcconfig */,
			);
			name = Pods;
			sourceTree = "<group>";
		};
		8810AFEF9D0FF735E5E6DC84 /* Frameworks */ = {
			isa = PBXGroup;
			children = (
				EF39F29900B68BD9CB1B3B86 /* Pods_SnapChatMenu.framework */,
				1B72A1F6A4DBB613F2C40B5A /* Pods_SnapChatMenuTests.framework */,
				9ED4C51073EAF72865F6641C /* Pods_SnapChatMenuUITests.framework */,
			);
			name = Frameworks;
			sourceTree = "<group>";
		};
/* End PBXGroup section */

/* Begin PBXNativeTarget section */
		046D76FB1FA36BA10094A835 /* SnapChatMenu */ = {
			isa = PBXNativeTarget;
			buildConfigurationList = 046D77241FA36BA10094A835 /* Build configuration list for PBXNativeTarget "SnapChatMenu" */;
			buildPhases = (
				9EDC65960124D0D56504A4DD /* [CP] Check Pods Manifest.lock */,
				046D76F81FA36BA10094A835 /* Sources */,
				046D76F91FA36BA10094A835 /* Frameworks */,
				046D76FA1FA36BA10094A835 /* Resources */,
				C153222446F755EEDE06E6C4 /* [CP] Embed Pods Frameworks */,
				58F35C948CFBF26DBC5A9157 /* [CP] Copy Pods Resources */,
			);
			buildRules = (
			);
			dependencies = (
			);
			name = SnapChatMenu;
			productName = SnapChatMenu;
			productReference = 046D76FC1FA36BA10094A835 /* SnapChatMenu.app */;
			productType = "com.apple.product-type.application";
		};
		046D770F1FA36BA10094A835 /* SnapChatMenuTests */ = {
			isa = PBXNativeTarget;
			buildConfigurationList = 046D77271FA36BA10094A835 /* Build configuration list for PBXNativeTarget "SnapChatMenuTests" */;
			buildPhases = (
				88CF937C52AC30CFB59E704A /* [CP] Check Pods Manifest.lock */,
				046D770C1FA36BA10094A835 /* Sources */,
				046D770D1FA36BA10094A835 /* Frameworks */,
				046D770E1FA36BA10094A835 /* Resources */,
				674C917C1910EE4973372DE3 /* [CP] Embed Pods Frameworks */,
				768D6B6950762A7BA1F11705 /* [CP] Copy Pods Resources */,
			);
			buildRules = (
			);
			dependencies = (
				046D77121FA36BA10094A835 /* PBXTargetDependency */,
			);
			name = SnapChatMenuTests;
			productName = SnapChatMenuTests;
			productReference = 046D77101FA36BA10094A835 /* SnapChatMenuTests.xctest */;
			productType = "com.apple.product-type.bundle.unit-test";
		};
		046D771A1FA36BA10094A835 /* SnapChatMenuUITests */ = {
			isa = PBXNativeTarget;
			buildConfigurationList = 046D772A1FA36BA10094A835 /* Build configuration list for PBXNativeTarget "SnapChatMenuUITests" */;
			buildPhases = (
				18E54715307172ACD10D42F6 /* [CP] Check Pods Manifest.lock */,
				046D77171FA36BA10094A835 /* Sources */,
				046D77181FA36BA10094A835 /* Frameworks */,
				046D77191FA36BA10094A835 /* Resources */,
				6C1A5AA25A5F57E35262EF0C /* [CP] Embed Pods Frameworks */,
				4D142D5A24C8B497C444B2AD /* [CP] Copy Pods Resources */,
			);
			buildRules = (
			);
			dependencies = (
				046D771D1FA36BA10094A835 /* PBXTargetDependency */,
			);
			name = SnapChatMenuUITests;
			productName = SnapChatMenuUITests;
			productReference = 046D771B1FA36BA10094A835 /* SnapChatMenuUITests.xctest */;
			productType = "com.apple.product-type.bundle.ui-testing";
		};
/* End PBXNativeTarget section */

/* Begin PBXProject section */
		046D76F41FA36BA10094A835 /* Project object */ = {
			isa = PBXProject;
			attributes = {
				LastSwiftUpdateCheck = 0900;
				LastUpgradeCheck = 0900;
				TargetAttributes = {
					046D76FB1FA36BA10094A835 = {
						CreatedOnToolsVersion = 9.0.1;
						ProvisioningStyle = Manual;
					};
					046D770F1FA36BA10094A835 = {
						CreatedOnToolsVersion = 9.0.1;
						ProvisioningStyle = Automatic;
						TestTargetID = 046D76FB1FA36BA10094A835;
					};
					046D771A1FA36BA10094A835 = {
						CreatedOnToolsVersion = 9.0.1;
						ProvisioningStyle = Automatic;
						TestTargetID = 046D76FB1FA36BA10094A835;
					};
				};
			};
			buildConfigurationList = 046D76F71FA36BA10094A835 /* Build configuration list for PBXProject "SnapChatMenu" */;
			compatibilityVersion = "Xcode 8.0";
			developmentRegion = en;
			hasScannedForEncodings = 0;
			knownRegions = (
				en,
				Base,
			);
			mainGroup = 046D76F31FA36BA10094A835;
			productRefGroup = 046D76FD1FA36BA10094A835 /* Products */;
			projectDirPath = "";
			projectRoot = "";
			targets = (
				046D76FB1FA36BA10094A835 /* SnapChatMenu */,
				046D770F1FA36BA10094A835 /* SnapChatMenuTests */,
				046D771A1FA36BA10094A835 /* SnapChatMenuUITests */,
			);
		};
/* End PBXProject section */

/* Begin PBXResourcesBuildPhase section */
		046D76FA1FA36BA10094A835 /* Resources */ = {
			isa = PBXResourcesBuildPhase;
			buildActionMask = 2147483647;
			files = (
				046D770A1FA36BA10094A835 /* LaunchScreen.storyboard in Resources */,
				046D77071FA36BA10094A835 /* Assets.xcassets in Resources */,
				046D77051FA36BA10094A835 /* Main.storyboard in Resources */,
				046D77341FA4E4620094A835 /* Second.storyboard in Resources */,
				04027D3E1FB06877000F410B /* Fourth.storyboard in Resources */,
				046D77361FA4E4730094A835 /* Third.storyboard in Resources */,
				046D77321FA4E4510094A835 /* First.storyboard in Resources */,
			);
			runOnlyForDeploymentPostprocessing = 0;
		};
		046D770E1FA36BA10094A835 /* Resources */ = {
			isa = PBXResourcesBuildPhase;
			buildActionMask = 2147483647;
			files = (
			);
			runOnlyForDeploymentPostprocessing = 0;
		};
		046D77191FA36BA10094A835 /* Resources */ = {
			isa = PBXResourcesBuildPhase;
			buildActionMask = 2147483647;
			files = (
			);
			runOnlyForDeploymentPostprocessing = 0;
		};
/* End PBXResourcesBuildPhase section */

/* Begin PBXShellScriptBuildPhase section */
		18E54715307172ACD10D42F6 /* [CP] Check Pods Manifest.lock */ = {
			isa = PBXShellScriptBuildPhase;
			buildActionMask = 2147483647;
			files = (
			);
			inputPaths = (
			);
			name = "[CP] Check Pods Manifest.lock";
			outputPaths = (
			);
			runOnlyForDeploymentPostprocessing = 0;
			shellPath = /bin/sh;
			shellScript = "diff \"${PODS_PODFILE_DIR_PATH}/Podfile.lock\" \"${PODS_ROOT}/Manifest.lock\" > /dev/null\nif [ $? != 0 ] ; then\n    # print error to STDERR\n    echo \"error: The sandbox is not in sync with the Podfile.lock. Run 'pod install' or update your CocoaPods installation.\" >&2\n    exit 1\nfi\n";
			showEnvVarsInLog = 0;
		};
		4D142D5A24C8B497C444B2AD /* [CP] Copy Pods Resources */ = {
			isa = PBXShellScriptBuildPhase;
			buildActionMask = 2147483647;
			files = (
			);
			inputPaths = (
			);
			name = "[CP] Copy Pods Resources";
			outputPaths = (
			);
			runOnlyForDeploymentPostprocessing = 0;
			shellPath = /bin/sh;
			shellScript = "\"${SRCROOT}/Pods/Target Support Files/Pods-SnapChatMenuUITests/Pods-SnapChatMenuUITests-resources.sh\"\n";
			showEnvVarsInLog = 0;
		};
		58F35C948CFBF26DBC5A9157 /* [CP] Copy Pods Resources */ = {
			isa = PBXShellScriptBuildPhase;
			buildActionMask = 2147483647;
			files = (
			);
			inputPaths = (
			);
			name = "[CP] Copy Pods Resources";
			outputPaths = (
			);
			runOnlyForDeploymentPostprocessing = 0;
			shellPath = /bin/sh;
			shellScript = "\"${SRCROOT}/Pods/Target Support Files/Pods-SnapChatMenu/Pods-SnapChatMenu-resources.sh\"\n";
			showEnvVarsInLog = 0;
		};
		674C917C1910EE4973372DE3 /* [CP] Embed Pods Frameworks */ = {
			isa = PBXShellScriptBuildPhase;
			buildActionMask = 2147483647;
			files = (
			);
			inputPaths = (
			);
			name = "[CP] Embed Pods Frameworks";
			outputPaths = (
			);
			runOnlyForDeploymentPostprocessing = 0;
			shellPath = /bin/sh;
			shellScript = "\"${SRCROOT}/Pods/Target Support Files/Pods-SnapChatMenuTests/Pods-SnapChatMenuTests-frameworks.sh\"\n";
			showEnvVarsInLog = 0;
		};
		6C1A5AA25A5F57E35262EF0C /* [CP] Embed Pods Frameworks */ = {
			isa = PBXShellScriptBuildPhase;
			buildActionMask = 2147483647;
			files = (
			);
			inputPaths = (
			);
			name = "[CP] Embed Pods Frameworks";
			outputPaths = (
			);
			runOnlyForDeploymentPostprocessing = 0;
			shellPath = /bin/sh;
			shellScript = "\"${SRCROOT}/Pods/Target Support Files/Pods-SnapChatMenuUITests/Pods-SnapChatMenuUITests-frameworks.sh\"\n";
			showEnvVarsInLog = 0;
		};
		768D6B6950762A7BA1F11705 /* [CP] Copy Pods Resources */ = {
			isa = PBXShellScriptBuildPhase;
			buildActionMask = 2147483647;
			files = (
			);
			inputPaths = (
			);
			name = "[CP] Copy Pods Resources";
			outputPaths = (
			);
			runOnlyForDeploymentPostprocessing = 0;
			shellPath = /bin/sh;
			shellScript = "\"${SRCROOT}/Pods/Target Support Files/Pods-SnapChatMenuTests/Pods-SnapChatMenuTests-resources.sh\"\n";
			showEnvVarsInLog = 0;
		};
		88CF937C52AC30CFB59E704A /* [CP] Check Pods Manifest.lock */ = {
			isa = PBXShellScriptBuildPhase;
			buildActionMask = 2147483647;
			files = (
			);
			inputPaths = (
			);
			name = "[CP] Check Pods Manifest.lock";
			outputPaths = (
			);
			runOnlyForDeploymentPostprocessing = 0;
			shellPath = /bin/sh;
			shellScript = "diff \"${PODS_PODFILE_DIR_PATH}/Podfile.lock\" \"${PODS_ROOT}/Manifest.lock\" > /dev/null\nif [ $? != 0 ] ; then\n    # print error to STDERR\n    echo \"error: The sandbox is not in sync with the Podfile.lock. Run 'pod install' or update your CocoaPods installation.\" >&2\n    exit 1\nfi\n";
			showEnvVarsInLog = 0;
		};
		9EDC65960124D0D56504A4DD /* [CP] Check Pods Manifest.lock */ = {
			isa = PBXShellScriptBuildPhase;
			buildActionMask = 2147483647;
			files = (
			);
			inputPaths = (
			);
			name = "[CP] Check Pods Manifest.lock";
			outputPaths = (
			);
			runOnlyForDeploymentPostprocessing = 0;
			shellPath = /bin/sh;
			shellScript = "diff \"${PODS_PODFILE_DIR_PATH}/Podfile.lock\" \"${PODS_ROOT}/Manifest.lock\" > /dev/null\nif [ $? != 0 ] ; then\n    # print error to STDERR\n    echo \"error: The sandbox is not in sync with the Podfile.lock. Run 'pod install' or update your CocoaPods installation.\" >&2\n    exit 1\nfi\n";
			showEnvVarsInLog = 0;
		};
		C153222446F755EEDE06E6C4 /* [CP] Embed Pods Frameworks */ = {
			isa = PBXShellScriptBuildPhase;
			buildActionMask = 2147483647;
			files = (
			);
			inputPaths = (
			);
			name = "[CP] Embed Pods Frameworks";
			outputPaths = (
			);
			runOnlyForDeploymentPostprocessing = 0;
			shellPath = /bin/sh;
			shellScript = "\"${SRCROOT}/Pods/Target Support Files/Pods-SnapChatMenu/Pods-SnapChatMenu-frameworks.sh\"\n";
			showEnvVarsInLog = 0;
		};
/* End PBXShellScriptBuildPhase section */

/* Begin PBXSourcesBuildPhase section */
		046D76F81FA36BA10094A835 /* Sources */ = {
			isa = PBXSourcesBuildPhase;
			buildActionMask = 2147483647;
			files = (
				04CF21941FECAB5000BB8A8D /* TransparentButton.swift in Sources */,
				046D772F1FA4E33F0094A835 /* PageViewController.swift in Sources */,
				04027D2D1FAD8528000F410B /* CGFloatExtension.swift in Sources */,
				04027D301FADA3EC000F410B /* PVCAnimations.swift in Sources */,
				046D77401FA4E6660094A835 /* UIColorExtension.swift in Sources */,
				046D77021FA36BA10094A835 /* ViewController.swift in Sources */,
				046D77001FA36BA10094A835 /* AppDelegate.swift in Sources */,
				046D773A1FA4E4B90094A835 /* SecondViewController.swift in Sources */,
				04027D341FADC3A5000F410B /* DefaultButton.swift in Sources */,
				046D773C1FA4E4C30094A835 /* ThirdViewController.swift in Sources */,
				04027D321FADA43C000F410B /* PVCAnimation.swift in Sources */,
				0456478C200EF55000961C99 /* SubstringExtension.swift in Sources */,
				04027D361FADC4FD000F410B /* PVCAnimationStyle.swift in Sources */,
				045243D0200EE8F800F7C788 /* PVCAnimationPageViewController.swift in Sources */,
				04A854481FB06CDB0042C383 /* FourthViewController.swift in Sources */,
				045243D3200EEA3F00F7C788 /* ViewControllers.swift in Sources */,
				049C89931FECC8CF007A967B /* UIImageExtension.swift in Sources */,
				04027D3C1FB0443D000F410B /* PVCBackgroundAnimation.swift in Sources */,
				04027D291FAD6918000F410B /* TransparentView.swift in Sources */,
				046D77381FA4E4AD0094A835 /* FirstViewController.swift in Sources */,
				04027D2B1FAD6BFF000F410B /* HeadlineLabel.swift in Sources */,
				04027D3A1FB04324000F410B /* PVCBackgroundAnimations.swift in Sources */,
			);
			runOnlyForDeploymentPostprocessing = 0;
		};
		046D770C1FA36BA10094A835 /* Sources */ = {
			isa = PBXSourcesBuildPhase;
			buildActionMask = 2147483647;
			files = (
				046D77151FA36BA10094A835 /* SnapChatMenuTests.swift in Sources */,
			);
			runOnlyForDeploymentPostprocessing = 0;
		};
		046D77171FA36BA10094A835 /* Sources */ = {
			isa = PBXSourcesBuildPhase;
			buildActionMask = 2147483647;
			files = (
				046D77201FA36BA10094A835 /* SnapChatMenuUITests.swift in Sources */,
			);
			runOnlyForDeploymentPostprocessing = 0;
		};
/* End PBXSourcesBuildPhase section */

/* Begin PBXTargetDependency section */
		046D77121FA36BA10094A835 /* PBXTargetDependency */ = {
			isa = PBXTargetDependency;
			target = 046D76FB1FA36BA10094A835 /* SnapChatMenu */;
			targetProxy = 046D77111FA36BA10094A835 /* PBXContainerItemProxy */;
		};
		046D771D1FA36BA10094A835 /* PBXTargetDependency */ = {
			isa = PBXTargetDependency;
			target = 046D76FB1FA36BA10094A835 /* SnapChatMenu */;
			targetProxy = 046D771C1FA36BA10094A835 /* PBXContainerItemProxy */;
		};
/* End PBXTargetDependency section */

/* Begin PBXVariantGroup section */
		046D77031FA36BA10094A835 /* Main.storyboard */ = {
			isa = PBXVariantGroup;
			children = (
				046D77041FA36BA10094A835 /* Base */,
			);
			name = Main.storyboard;
			path = .;
			sourceTree = "<group>";
		};
		046D77081FA36BA10094A835 /* LaunchScreen.storyboard */ = {
			isa = PBXVariantGroup;
			children = (
				046D77091FA36BA10094A835 /* Base */,
			);
			name = LaunchScreen.storyboard;
			path = .;
			sourceTree = "<group>";
		};
/* End PBXVariantGroup section */

/* Begin XCBuildConfiguration section */
		046D77221FA36BA10094A835 /* Debug */ = {
			isa = XCBuildConfiguration;
			buildSettings = {
				ALWAYS_SEARCH_USER_PATHS = NO;
				CLANG_ANALYZER_NONNULL = YES;
				CLANG_ANALYZER_NUMBER_OBJECT_CONVERSION = YES_AGGRESSIVE;
				CLANG_CXX_LANGUAGE_STANDARD = "gnu++14";
				CLANG_CXX_LIBRARY = "libc++";
				CLANG_ENABLE_MODULES = YES;
				CLANG_ENABLE_OBJC_ARC = YES;
				CLANG_WARN_BLOCK_CAPTURE_AUTORELEASING = YES;
				CLANG_WARN_BOOL_CONVERSION = YES;
				CLANG_WARN_COMMA = YES;
				CLANG_WARN_CONSTANT_CONVERSION = YES;
				CLANG_WARN_DIRECT_OBJC_ISA_USAGE = YES_ERROR;
				CLANG_WARN_DOCUMENTATION_COMMENTS = YES;
				CLANG_WARN_EMPTY_BODY = YES;
				CLANG_WARN_ENUM_CONVERSION = YES;
				CLANG_WARN_INFINITE_RECURSION = YES;
				CLANG_WARN_INT_CONVERSION = YES;
				CLANG_WARN_NON_LITERAL_NULL_CONVERSION = YES;
				CLANG_WARN_OBJC_LITERAL_CONVERSION = YES;
				CLANG_WARN_OBJC_ROOT_CLASS = YES_ERROR;
				CLANG_WARN_RANGE_LOOP_ANALYSIS = YES;
				CLANG_WARN_STRICT_PROTOTYPES = YES;
				CLANG_WARN_SUSPICIOUS_MOVE = YES;
				CLANG_WARN_UNGUARDED_AVAILABILITY = YES_AGGRESSIVE;
				CLANG_WARN_UNREACHABLE_CODE = YES;
				CLANG_WARN__DUPLICATE_METHOD_MATCH = YES;
				CODE_SIGN_IDENTITY = "iPhone Developer";
				COPY_PHASE_STRIP = NO;
				DEBUG_INFORMATION_FORMAT = dwarf;
				ENABLE_STRICT_OBJC_MSGSEND = YES;
				ENABLE_TESTABILITY = YES;
				GCC_C_LANGUAGE_STANDARD = gnu11;
				GCC_DYNAMIC_NO_PIC = NO;
				GCC_NO_COMMON_BLOCKS = YES;
				GCC_OPTIMIZATION_LEVEL = 0;
				GCC_PREPROCESSOR_DEFINITIONS = (
					"DEBUG=1",
					"$(inherited)",
				);
				GCC_WARN_64_TO_32_BIT_CONVERSION = YES;
				GCC_WARN_ABOUT_RETURN_TYPE = YES_ERROR;
				GCC_WARN_UNDECLARED_SELECTOR = YES;
				GCC_WARN_UNINITIALIZED_AUTOS = YES_AGGRESSIVE;
				GCC_WARN_UNUSED_FUNCTION = YES;
				GCC_WARN_UNUSED_VARIABLE = YES;
				IPHONEOS_DEPLOYMENT_TARGET = 11.0;
				MTL_ENABLE_DEBUG_INFO = YES;
				ONLY_ACTIVE_ARCH = YES;
				SDKROOT = iphoneos;
				SWIFT_ACTIVE_COMPILATION_CONDITIONS = DEBUG;
				SWIFT_OPTIMIZATION_LEVEL = "-Onone";
			};
			name = Debug;
		};
		046D77231FA36BA10094A835 /* Release */ = {
			isa = XCBuildConfiguration;
			buildSettings = {
				ALWAYS_SEARCH_USER_PATHS = NO;
				CLANG_ANALYZER_NONNULL = YES;
				CLANG_ANALYZER_NUMBER_OBJECT_CONVERSION = YES_AGGRESSIVE;
				CLANG_CXX_LANGUAGE_STANDARD = "gnu++14";
				CLANG_CXX_LIBRARY = "libc++";
				CLANG_ENABLE_MODULES = YES;
				CLANG_ENABLE_OBJC_ARC = YES;
				CLANG_WARN_BLOCK_CAPTURE_AUTORELEASING = YES;
				CLANG_WARN_BOOL_CONVERSION = YES;
				CLANG_WARN_COMMA = YES;
				CLANG_WARN_CONSTANT_CONVERSION = YES;
				CLANG_WARN_DIRECT_OBJC_ISA_USAGE = YES_ERROR;
				CLANG_WARN_DOCUMENTATION_COMMENTS = YES;
				CLANG_WARN_EMPTY_BODY = YES;
				CLANG_WARN_ENUM_CONVERSION = YES;
				CLANG_WARN_INFINITE_RECURSION = YES;
				CLANG_WARN_INT_CONVERSION = YES;
				CLANG_WARN_NON_LITERAL_NULL_CONVERSION = YES;
				CLANG_WARN_OBJC_LITERAL_CONVERSION = YES;
				CLANG_WARN_OBJC_ROOT_CLASS = YES_ERROR;
				CLANG_WARN_RANGE_LOOP_ANALYSIS = YES;
				CLANG_WARN_STRICT_PROTOTYPES = YES;
				CLANG_WARN_SUSPICIOUS_MOVE = YES;
				CLANG_WARN_UNGUARDED_AVAILABILITY = YES_AGGRESSIVE;
				CLANG_WARN_UNREACHABLE_CODE = YES;
				CLANG_WARN__DUPLICATE_METHOD_MATCH = YES;
				CODE_SIGN_IDENTITY = "iPhone Developer";
				COPY_PHASE_STRIP = NO;
				DEBUG_INFORMATION_FORMAT = "dwarf-with-dsym";
				ENABLE_NS_ASSERTIONS = NO;
				ENABLE_STRICT_OBJC_MSGSEND = YES;
				GCC_C_LANGUAGE_STANDARD = gnu11;
				GCC_NO_COMMON_BLOCKS = YES;
				GCC_WARN_64_TO_32_BIT_CONVERSION = YES;
				GCC_WARN_ABOUT_RETURN_TYPE = YES_ERROR;
				GCC_WARN_UNDECLARED_SELECTOR = YES;
				GCC_WARN_UNINITIALIZED_AUTOS = YES_AGGRESSIVE;
				GCC_WARN_UNUSED_FUNCTION = YES;
				GCC_WARN_UNUSED_VARIABLE = YES;
				IPHONEOS_DEPLOYMENT_TARGET = 11.0;
				MTL_ENABLE_DEBUG_INFO = NO;
				SDKROOT = iphoneos;
				SWIFT_OPTIMIZATION_LEVEL = "-Owholemodule";
				VALIDATE_PRODUCT = YES;
			};
			name = Release;
		};
		046D77251FA36BA10094A835 /* Debug */ = {
			isa = XCBuildConfiguration;
			baseConfigurationReference = 543265F85118F186C596E83B /* Pods-SnapChatMenu.debug.xcconfig */;
			buildSettings = {
				ASSETCATALOG_COMPILER_APPICON_NAME = AppIcon;
				"CODE_SIGN_IDENTITY[sdk=iphoneos*]" = "iPhone Developer";
				CODE_SIGN_STYLE = Manual;
				DEVELOPMENT_TEAM = T872TC8PM8;
				INFOPLIST_FILE = SnapChatMenu/Info.plist;
				IPHONEOS_DEPLOYMENT_TARGET = 10.0;
				LD_RUNPATH_SEARCH_PATHS = "$(inherited) @executable_path/Frameworks";
				PRODUCT_BUNDLE_IDENTIFIER = com.psychedelicnekopunch.SnapChatMenu;
				PRODUCT_NAME = "$(TARGET_NAME)";
				PROVISIONING_PROFILE = "1622d8da-2ce0-43ea-8cfb-48f38beac160";
				PROVISIONING_PROFILE_SPECIFIER = SnapChatMenu;
				SWIFT_VERSION = 4.0;
				TARGETED_DEVICE_FAMILY = "1,2";
			};
			name = Debug;
		};
		046D77261FA36BA10094A835 /* Release */ = {
			isa = XCBuildConfiguration;
			baseConfigurationReference = BA7FEB74CB676DCABEB72CF3 /* Pods-SnapChatMenu.release.xcconfig */;
			buildSettings = {
				ASSETCATALOG_COMPILER_APPICON_NAME = AppIcon;
				"CODE_SIGN_IDENTITY[sdk=iphoneos*]" = "iPhone Developer";
				CODE_SIGN_STYLE = Manual;
				DEVELOPMENT_TEAM = T872TC8PM8;
				INFOPLIST_FILE = SnapChatMenu/Info.plist;
				IPHONEOS_DEPLOYMENT_TARGET = 10.0;
				LD_RUNPATH_SEARCH_PATHS = "$(inherited) @executable_path/Frameworks";
				PRODUCT_BUNDLE_IDENTIFIER = com.psychedelicnekopunch.SnapChatMenu;
				PRODUCT_NAME = "$(TARGET_NAME)";
				PROVISIONING_PROFILE = "3f906ec3-dd92-47ab-aadb-111d22e0de38";
				PROVISIONING_PROFILE_SPECIFIER = SnapChatMenu;
				SWIFT_VERSION = 4.0;
				TARGETED_DEVICE_FAMILY = "1,2";
			};
			name = Release;
		};
		046D77281FA36BA10094A835 /* Debug */ = {
			isa = XCBuildConfiguration;
			baseConfigurationReference = B7E236DFD052274EA02B8351 /* Pods-SnapChatMenuTests.debug.xcconfig */;
			buildSettings = {
				ALWAYS_EMBED_SWIFT_STANDARD_LIBRARIES = YES;
				BUNDLE_LOADER = "$(TEST_HOST)";
				CODE_SIGN_STYLE = Automatic;
				DEVELOPMENT_TEAM = 5WP3YYWB73;
				INFOPLIST_FILE = SnapChatMenuTests/Info.plist;
				LD_RUNPATH_SEARCH_PATHS = "$(inherited) @executable_path/Frameworks @loader_path/Frameworks";
				PRODUCT_BUNDLE_IDENTIFIER = jp.co.masa69.SnapChatMenuTests;
				PRODUCT_NAME = "$(TARGET_NAME)";
				SWIFT_VERSION = 4.0;
				TARGETED_DEVICE_FAMILY = "1,2";
				TEST_HOST = "$(BUILT_PRODUCTS_DIR)/SnapChatMenu.app/SnapChatMenu";
			};
			name = Debug;
		};
		046D77291FA36BA10094A835 /* Release */ = {
			isa = XCBuildConfiguration;
			baseConfigurationReference = 26E20DFCD1C8FE512047DC8C /* Pods-SnapChatMenuTests.release.xcconfig */;
			buildSettings = {
				ALWAYS_EMBED_SWIFT_STANDARD_LIBRARIES = YES;
				BUNDLE_LOADER = "$(TEST_HOST)";
				CODE_SIGN_STYLE = Automatic;
				DEVELOPMENT_TEAM = 5WP3YYWB73;
				INFOPLIST_FILE = SnapChatMenuTests/Info.plist;
				LD_RUNPATH_SEARCH_PATHS = "$(inherited) @executable_path/Frameworks @loader_path/Frameworks";
				PRODUCT_BUNDLE_IDENTIFIER = jp.co.masa69.SnapChatMenuTests;
				PRODUCT_NAME = "$(TARGET_NAME)";
				SWIFT_VERSION = 4.0;
				TARGETED_DEVICE_FAMILY = "1,2";
				TEST_HOST = "$(BUILT_PRODUCTS_DIR)/SnapChatMenu.app/SnapChatMenu";
			};
			name = Release;
		};
		046D772B1FA36BA10094A835 /* Debug */ = {
			isa = XCBuildConfiguration;
			baseConfigurationReference = 1F06976CE9A7AC6BB3AEB527 /* Pods-SnapChatMenuUITests.debug.xcconfig */;
			buildSettings = {
				ALWAYS_EMBED_SWIFT_STANDARD_LIBRARIES = YES;
				CODE_SIGN_STYLE = Automatic;
				DEVELOPMENT_TEAM = 5WP3YYWB73;
				INFOPLIST_FILE = SnapChatMenuUITests/Info.plist;
				LD_RUNPATH_SEARCH_PATHS = "$(inherited) @executable_path/Frameworks @loader_path/Frameworks";
				PRODUCT_BUNDLE_IDENTIFIER = jp.co.masa69.SnapChatMenuUITests;
				PRODUCT_NAME = "$(TARGET_NAME)";
				SWIFT_VERSION = 4.0;
				TARGETED_DEVICE_FAMILY = "1,2";
				TEST_TARGET_NAME = SnapChatMenu;
			};
			name = Debug;
		};
		046D772C1FA36BA10094A835 /* Release */ = {
			isa = XCBuildConfiguration;
			baseConfigurationReference = 395C70E7C6134667047A3FA9 /* Pods-SnapChatMenuUITests.release.xcconfig */;
			buildSettings = {
				ALWAYS_EMBED_SWIFT_STANDARD_LIBRARIES = YES;
				CODE_SIGN_STYLE = Automatic;
				DEVELOPMENT_TEAM = 5WP3YYWB73;
				INFOPLIST_FILE = SnapChatMenuUITests/Info.plist;
				LD_RUNPATH_SEARCH_PATHS = "$(inherited) @executable_path/Frameworks @loader_path/Frameworks";
				PRODUCT_BUNDLE_IDENTIFIER = jp.co.masa69.SnapChatMenuUITests;
				PRODUCT_NAME = "$(TARGET_NAME)";
				SWIFT_VERSION = 4.0;
				TARGETED_DEVICE_FAMILY = "1,2";
				TEST_TARGET_NAME = SnapChatMenu;
			};
			name = Release;
		};
/* End XCBuildConfiguration section */

/* Begin XCConfigurationList section */
		046D76F71FA36BA10094A835 /* Build configuration list for PBXProject "SnapChatMenu" */ = {
			isa = XCConfigurationList;
			buildConfigurations = (
				046D77221FA36BA10094A835 /* Debug */,
				046D77231FA36BA10094A835 /* Release */,
			);
			defaultConfigurationIsVisible = 0;
			defaultConfigurationName = Release;
		};
		046D77241FA36BA10094A835 /* Build configuration list for PBXNativeTarget "SnapChatMenu" */ = {
			isa = XCConfigurationList;
			buildConfigurations = (
				046D77251FA36BA10094A835 /* Debug */,
				046D77261FA36BA10094A835 /* Release */,
			);
			defaultConfigurationIsVisible = 0;
			defaultConfigurationName = Release;
		};
		046D77271FA36BA10094A835 /* Build configuration list for PBXNativeTarget "SnapChatMenuTests" */ = {
			isa = XCConfigurationList;
			buildConfigurations = (
				046D77281FA36BA10094A835 /* Debug */,
				046D77291FA36BA10094A835 /* Release */,
			);
			defaultConfigurationIsVisible = 0;
			defaultConfigurationName = Release;
		};
		046D772A1FA36BA10094A835 /* Build configuration list for PBXNativeTarget "SnapChatMenuUITests" */ = {
			isa = XCConfigurationList;
			buildConfigurations = (
				046D772B1FA36BA10094A835 /* Debug */,
				046D772C1FA36BA10094A835 /* Release */,
			);
			defaultConfigurationIsVisible = 0;
			defaultConfigurationName = Release;
		};
/* End XCConfigurationList section */
	};
	rootObject = 046D76F41FA36BA10094A835 /* Project object */;
}
